switches:
- name: spine1
  switches: [ibleaf1,ibleaf2]
- name: ibleaf1
  capacity_blocks: [cb1,cb2]
- name: ibleaf2
  capacity_blocks: [cb3,cb4]
capacity_blocks:
- name: cb1
  nvlink: nv1
  type: H100
  nodes: [n1-1,n1-2,n1-3,n1-4]
- name: cb2
  nvlink: nv2
  type: H100
  nodes: [n2-1,n2-2,n2-3,n2-4]
- name: cb3
  nvlink: nv3
  type: H100
  nodes: [n3-1,n3-2,n3-3,n3-4]
- name: cb4
  nvlink: nv4
  type: H100
  nodes: [n4-1,n4-2,n4-3,n4-4]
physical_layers: []